
Microsoft Visual Studio Solution File, Format Version 12.00
# Visual Studio 15
VisualStudioVersion = 15.0.28307.329
MinimumVisualStudioVersion = 10.0.40219.1
Project("{9A19103F-16F7-4668-BE54-9A1E7A4F7556}") = "LogAnalysers", "LogAnalysers\LogAnalysers.csproj", "{A94E50E5-C643-408B-BF2F-00D10B350661}"
EndProject
Project("{FAE04EC0-301F-11D3-BF4B-00C04F79EFBC}") = "PostLoggerServiceLayer", "PostLoggerServiceLayer\PostLoggerServiceLayer.csproj", "{CDABCB43-EA8A-4372-B79A-94C75A38AB47}"
EndProject
Global
	GlobalSection(SolutionConfigurationPlatforms) = preSolution
		Debug|Any CPU = Debug|Any CPU
		Release|Any CPU = Release|Any CPU
	EndGlobalSection
	GlobalSection(ProjectConfigurationPlatforms) = postSolution
		{A94E50E5-C643-408B-BF2F-00D10B350661}.Debug|Any CPU.ActiveCfg = Debug|Any CPU
		{A94E50E5-C643-408B-BF2F-00D10B350661}.Debug|Any CPU.Build.0 = Debug|Any CPU
		{A94E50E5-C643-408B-BF2F-00D10B350661}.Release|Any CPU.ActiveCfg = Release|Any CPU
		{A94E50E5-C643-408B-BF2F-00D10B350661}.Release|Any CPU.Build.0 = Release|Any CPU
		{CDABCB43-EA8A-4372-B79A-94C75A38AB47}.Debug|Any CPU.ActiveCfg = Debug|Any CPU
		{CDABCB43-EA8A-4372-B79A-94C75A38AB47}.Debug|Any CPU.Build.0 = Debug|Any CPU
		{CDABCB43-EA8A-4372-B79A-94C75A38AB47}.Release|Any CPU.ActiveCfg = Release|Any CPU
		{CDABCB43-EA8A-4372-B79A-94C75A38AB47}.Release|Any CPU.Build.0 = Release|Any CPU
	EndGlobalSection
	GlobalSection(SolutionProperties) = preSolution
		HideSolutionNode = FALSE
	EndGlobalSection
	GlobalSection(ExtensibilityGlobals) = postSolution
		SolutionGuid = {0301E2B3-DFE8-4461-ACDA-E2BE77F06256}
	EndGlobalSection
EndGlobal
